// !$*UTF8*$!
{
	archiveVersion = 1;
	classes = {
	};
	objectVersion = 56;
	objects = {

/* Begin PBXBuildFile section */
		757807DD2BE648E4005F0FB1 /* AppDelegate.swift in Sources */ = {isa = PBXBuildFile; fileRef = 757807DC2BE648E4005F0FB1 /* AppDelegate.swift */; };
		757807DF2BE648E4005F0FB1 /* SceneDelegate.swift in Sources */ = {isa = PBXBuildFile; fileRef = 757807DE2BE648E4005F0FB1 /* SceneDelegate.swift */; };
		757807E12BE648E4005F0FB1 /* QuestionsViewController.swift in Sources */ = {isa = PBXBuildFile; fileRef = 757807E02BE648E4005F0FB1 /* QuestionsViewController.swift */; };
		757807E42BE648E4005F0FB1 /* Main.storyboard in Resources */ = {isa = PBXBuildFile; fileRef = 757807E22BE648E4005F0FB1 /* Main.storyboard */; };
		757807E62BE648E8005F0FB1 /* Assets.xcassets in Resources */ = {isa = PBXBuildFile; fileRef = 757807E52BE648E8005F0FB1 /* Assets.xcassets */; };
		757807E92BE648E8005F0FB1 /* LaunchScreen.storyboard in Resources */ = {isa = PBXBuildFile; fileRef = 757807E72BE648E8005F0FB1 /* LaunchScreen.storyboard */; };
		757807F12BE65AFD005F0FB1 /* ResultViewController.swift in Sources */ = {isa = PBXBuildFile; fileRef = 757807F02BE65AFD005F0FB1 /* ResultViewController.swift */; };
		757807F72BE65E53005F0FB1 /* Question.swift in Sources */ = {isa = PBXBuildFile; fileRef = 757807F62BE65E53005F0FB1 /* Question.swift */; };
/* End PBXBuildFile section */

/* Begin PBXFileReference section */
		757807D92BE648E4005F0FB1 /* PersonalQuiz.app */ = {isa = PBXFileReference; explicitFileType = wrapper.application; includeInIndex = 0; path = PersonalQuiz.app; sourceTree = BUILT_PRODUCTS_DIR; };
		757807DC2BE648E4005F0FB1 /* AppDelegate.swift */ = {isa = PBXFileReference; lastKnownFileType = sourcecode.swift; path = AppDelegate.swift; sourceTree = "<group>"; };
		757807DE2BE648E4005F0FB1 /* SceneDelegate.swift */ = {isa = PBXFileReference; lastKnownFileType = sourcecode.swift; path = SceneDelegate.swift; sourceTree = "<group>"; };
		757807E02BE648E4005F0FB1 /* QuestionsViewController.swift */ = {isa = PBXFileReference; lastKnownFileType = sourcecode.swift; path = QuestionsViewController.swift; sourceTree = "<group>"; };
		757807E32BE648E4005F0FB1 /* Base */ = {isa = PBXFileReference; lastKnownFileType = file.storyboard; name = Base; path = Base.lproj/Main.storyboard; sourceTree = "<group>"; };
		757807E52BE648E8005F0FB1 /* Assets.xcassets */ = {isa = PBXFileReference; lastKnownFileType = folder.assetcatalog; path = Assets.xcassets; sourceTree = "<group>"; };
		757807E82BE648E8005F0FB1 /* Base */ = {isa = PBXFileReference; lastKnownFileType = file.storyboard; name = Base; path = Base.lproj/LaunchScreen.storyboard; sourceTree = "<group>"; };
		757807EA2BE648E8005F0FB1 /* Info.plist */ = {isa = PBXFileReference; lastKnownFileType = text.plist.xml; path = Info.plist; sourceTree = "<group>"; };
		757807F02BE65AFD005F0FB1 /* ResultViewController.swift */ = {isa = PBXFileReference; lastKnownFileType = sourcecode.swift; path = ResultViewController.swift; sourceTree = "<group>"; };
		757807F62BE65E53005F0FB1 /* Question.swift */ = {isa = PBXFileReference; lastKnownFileType = sourcecode.swift; path = Question.swift; sourceTree = "<group>"; };
/* End PBXFileReference section */

/* Begin PBXFrameworksBuildPhase section */
		757807D62BE648E4005F0FB1 /* Frameworks */ = {
			isa = PBXFrameworksBuildPhase;
			buildActionMask = 2147483647;
			files = (
			);
			runOnlyForDeploymentPostprocessing = 0;
		};
/* End PBXFrameworksBuildPhase section */

/* Begin PBXGroup section */
		757807D02BE648E4005F0FB1 = {
			isa = PBXGroup;
			children = (
				757807DB2BE648E4005F0FB1 /* PersonalQuiz */,
				757807DA2BE648E4005F0FB1 /* Products */,
			);
			sourceTree = "<group>";
		};
		757807DA2BE648E4005F0FB1 /* Products */ = {
			isa = PBXGroup;
			children = (
				757807D92BE648E4005F0FB1 /* PersonalQuiz.app */,
			);
			name = Products;
			sourceTree = "<group>";
		};
		757807DB2BE648E4005F0FB1 /* PersonalQuiz */ = {
			isa = PBXGroup;
			children = (
				757807F32BE65C36005F0FB1 /* App */,
				757807F52BE65E2F005F0FB1 /* Model */,
				757807F22BE65B23005F0FB1 /* ViewControllers */,
				757807E52BE648E8005F0FB1 /* Assets.xcassets */,
			);
			path = PersonalQuiz;
			sourceTree = "<group>";
		};
		757807F22BE65B23005F0FB1 /* ViewControllers */ = {
			isa = PBXGroup;
			children = (
				757807E02BE648E4005F0FB1 /* QuestionsViewController.swift */,
				757807F02BE65AFD005F0FB1 /* ResultViewController.swift */,
				757807F42BE65C46005F0FB1 /* Storyboards */,
			);
			path = ViewControllers;
			sourceTree = "<group>";
		};
		757807F32BE65C36005F0FB1 /* App */ = {
			isa = PBXGroup;
			children = (
				757807DC2BE648E4005F0FB1 /* AppDelegate.swift */,
				757807DE2BE648E4005F0FB1 /* SceneDelegate.swift */,
				757807EA2BE648E8005F0FB1 /* Info.plist */,
			);
			path = App;
			sourceTree = "<group>";
		};
		757807F42BE65C46005F0FB1 /* Storyboards */ = {
			isa = PBXGroup;
			children = (
				757807E22BE648E4005F0FB1 /* Main.storyboard */,
				757807E72BE648E8005F0FB1 /* LaunchScreen.storyboard */,
			);
			path = Storyboards;
			sourceTree = "<group>";
		};
		757807F52BE65E2F005F0FB1 /* Model */ = {
			isa = PBXGroup;
			children = (
				757807F62BE65E53005F0FB1 /* Question.swift */,
			);
			path = Model;
			sourceTree = "<group>";
		};
/* End PBXGroup section */

/* Begin PBXNativeTarget section */
		757807D82BE648E4005F0FB1 /* PersonalQuiz */ = {
			isa = PBXNativeTarget;
			buildConfigurationList = 757807ED2BE648E8005F0FB1 /* Build configuration list for PBXNativeTarget "PersonalQuiz" */;
			buildPhases = (
				757807D52BE648E4005F0FB1 /* Sources */,
				757807D62BE648E4005F0FB1 /* Frameworks */,
				757807D72BE648E4005F0FB1 /* Resources */,
			);
			buildRules = (
			);
			dependencies = (
			);
			name = PersonalQuiz;
			productName = PersonalQuiz;
			productReference = 757807D92BE648E4005F0FB1 /* PersonalQuiz.app */;
			productType = "com.apple.product-type.application";
		};
/* End PBXNativeTarget section */

/* Begin PBXProject section */
		757807D12BE648E4005F0FB1 /* Project object */ = {
			isa = PBXProject;
			attributes = {
				BuildIndependentTargetsInParallel = 1;
				LastSwiftUpdateCheck = 1510;
				LastUpgradeCheck = 1510;
				TargetAttributes = {
					757807D82BE648E4005F0FB1 = {
						CreatedOnToolsVersion = 15.1;
					};
				};
			};
			buildConfigurationList = 757807D42BE648E4005F0FB1 /* Build configuration list for PBXProject "PersonalQuiz" */;
			compatibilityVersion = "Xcode 14.0";
			developmentRegion = en;
			hasScannedForEncodings = 0;
			knownRegions = (
				en,
				Base,
			);
			mainGroup = 757807D02BE648E4005F0FB1;
			productRefGroup = 757807DA2BE648E4005F0FB1 /* Products */;
			projectDirPath = "";
			projectRoot = "";
			targets = (
				757807D82BE648E4005F0FB1 /* PersonalQuiz */,
			);
		};
/* End PBXProject section */

/* Begin PBXResourcesBuildPhase section */
		757807D72BE648E4005F0FB1 /* Resources */ = {
			isa = PBXResourcesBuildPhase;
			buildActionMask = 2147483647;
			files = (
				757807E92BE648E8005F0FB1 /* LaunchScreen.storyboard in Resources */,
				757807E62BE648E8005F0FB1 /* Assets.xcassets in Resources */,
				757807E42BE648E4005F0FB1 /* Main.storyboard in Resources */,
			);
			runOnlyForDeploymentPostprocessing = 0;
		};
/* End PBXResourcesBuildPhase section */

/* Begin PBXSourcesBuildPhase section */
		757807D52BE648E4005F0FB1 /* Sources */ = {
			isa = PBXSourcesBuildPhase;
			buildActionMask = 2147483647;
			files = (
				757807F72BE65E53005F0FB1 /* Question.swift in Sources */,
				757807E12BE648E4005F0FB1 /* QuestionsViewController.swift in Sources */,
				757807DD2BE648E4005F0FB1 /* AppDelegate.swift in Sources */,
				757807DF2BE648E4005F0FB1 /* SceneDelegate.swift in Sources */,
				757807F12BE65AFD005F0FB1 /* ResultViewController.swift in Sources */,
			);
			runOnlyForDeploymentPostprocessing = 0;
		};
/* End PBXSourcesBuildPhase section */

/* Begin PBXVariantGroup section */
		757807E22BE648E4005F0FB1 /* Main.storyboard */ = {
			isa = PBXVariantGroup;
			children = (
				757807E32BE648E4005F0FB1 /* Base */,
			);
			name = Main.storyboard;
			sourceTree = "<group>";
		};
		757807E72BE648E8005F0FB1 /* LaunchScreen.storyboard */ = {
			isa = PBXVariantGroup;
			children = (
				757807E82BE648E8005F0FB1 /* Base */,
			);
			name = LaunchScreen.storyboard;
			sourceTree = "<group>";
		};
/* End PBXVariantGroup section */

/* Begin XCBuildConfiguration section */
		757807EB2BE648E8005F0FB1 /* Debug */ = {
			isa = XCBuildConfiguration;
			buildSettings = {
				ALWAYS_SEARCH_USER_PATHS = NO;
				ASSETCATALOG_COMPILER_GENERATE_SWIFT_ASSET_SYMBOL_EXTENSIONS = YES;
				CLANG_ANALYZER_NONNULL = YES;
				CLANG_ANALYZER_NUMBER_OBJECT_CONVERSION = YES_AGGRESSIVE;
				CLANG_CXX_LANGUAGE_STANDARD = "gnu++20";
				CLANG_ENABLE_MODULES = YES;
				CLANG_ENABLE_OBJC_ARC = YES;
				CLANG_ENABLE_OBJC_WEAK = YES;
				CLANG_WARN_BLOCK_CAPTURE_AUTORELEASING = YES;
				CLANG_WARN_BOOL_CONVERSION = YES;
				CLANG_WARN_COMMA = YES;
				CLANG_WARN_CONSTANT_CONVERSION = YES;
				CLANG_WARN_DEPRECATED_OBJC_IMPLEMENTATIONS = YES;
				CLANG_WARN_DIRECT_OBJC_ISA_USAGE = YES_ERROR;
				CLANG_WARN_DOCUMENTATION_COMMENTS = YES;
				CLANG_WARN_EMPTY_BODY = YES;
				CLANG_WARN_ENUM_CONVERSION = YES;
				CLANG_WARN_INFINITE_RECURSION = YES;
				CLANG_WARN_INT_CONVERSION = YES;
				CLANG_WARN_NON_LITERAL_NULL_CONVERSION = YES;
				CLANG_WARN_OBJC_IMPLICIT_RETAIN_SELF = YES;
				CLANG_WARN_OBJC_LITERAL_CONVERSION = YES;
				CLANG_WARN_OBJC_ROOT_CLASS = YES_ERROR;
				CLANG_WARN_QUOTED_INCLUDE_IN_FRAMEWORK_HEADER = YES;
				CLANG_WARN_RANGE_LOOP_ANALYSIS = YES;
				CLANG_WARN_STRICT_PROTOTYPES = YES;
				CLANG_WARN_SUSPICIOUS_MOVE = YES;
				CLANG_WARN_UNGUARDED_AVAILABILITY = YES_AGGRESSIVE;
				CLANG_WARN_UNREACHABLE_CODE = YES;
				CLANG_WARN__DUPLICATE_METHOD_MATCH = YES;
				COPY_PHASE_STRIP = NO;
				DEBUG_INFORMATION_FORMAT = dwarf;
				ENABLE_STRICT_OBJC_MSGSEND = YES;
				ENABLE_TESTABILITY = YES;
				ENABLE_USER_SCRIPT_SANDBOXING = YES;
				GCC_C_LANGUAGE_STANDARD = gnu17;
				GCC_DYNAMIC_NO_PIC = NO;
				GCC_NO_COMMON_BLOCKS = YES;
				GCC_OPTIMIZATION_LEVEL = 0;
				GCC_PREPROCESSOR_DEFINITIONS = (
					"DEBUG=1",
					"$(inherited)",
				);
				GCC_WARN_64_TO_32_BIT_CONVERSION = YES;
				GCC_WARN_ABOUT_RETURN_TYPE = YES_ERROR;
				GCC_WARN_UNDECLARED_SELECTOR = YES;
				GCC_WARN_UNINITIALIZED_AUTOS = YES_AGGRESSIVE;
				GCC_WARN_UNUSED_FUNCTION = YES;
				GCC_WARN_UNUSED_VARIABLE = YES;
				IPHONEOS_DEPLOYMENT_TARGET = 17.2;
				LOCALIZATION_PREFERS_STRING_CATALOGS = YES;
				MTL_ENABLE_DEBUG_INFO = INCLUDE_SOURCE;
				MTL_FAST_MATH = YES;
				ONLY_ACTIVE_ARCH = YES;
				SDKROOT = iphoneos;
				SWIFT_ACTIVE_COMPILATION_CONDITIONS = "DEBUG $(inherited)";
				SWIFT_OPTIMIZATION_LEVEL = "-Onone";
			};
			name = Debug;
		};
		757807EC2BE648E8005F0FB1 /* Release */ = {
			isa = XCBuildConfiguration;
			buildSettings = {
				ALWAYS_SEARCH_USER_PATHS = NO;
				ASSETCATALOG_COMPILER_GENERATE_SWIFT_ASSET_SYMBOL_EXTENSIONS = YES;
				CLANG_ANALYZER_NONNULL = YES;
				CLANG_ANALYZER_NUMBER_OBJECT_CONVERSION = YES_AGGRESSIVE;
				CLANG_CXX_LANGUAGE_STANDARD = "gnu++20";
				CLANG_ENABLE_MODULES = YES;
				CLANG_ENABLE_OBJC_ARC = YES;
				CLANG_ENABLE_OBJC_WEAK = YES;
				CLANG_WARN_BLOCK_CAPTURE_AUTORELEASING = YES;
				CLANG_WARN_BOOL_CONVERSION = YES;
				CLANG_WARN_COMMA = YES;
				CLANG_WARN_CONSTANT_CONVERSION = YES;
				CLANG_WARN_DEPRECATED_OBJC_IMPLEMENTATIONS = YES;
				CLANG_WARN_DIRECT_OBJC_ISA_USAGE = YES_ERROR;
				CLANG_WARN_DOCUMENTATION_COMMENTS = YES;
				CLANG_WARN_EMPTY_BODY = YES;
				CLANG_WARN_ENUM_CONVERSION = YES;
				CLANG_WARN_INFINITE_RECURSION = YES;
				CLANG_WARN_INT_CONVERSION = YES;
				CLANG_WARN_NON_LITERAL_NULL_CONVERSION = YES;
				CLANG_WARN_OBJC_IMPLICIT_RETAIN_SELF = YES;
				CLANG_WARN_OBJC_LITERAL_CONVERSION = YES;
				CLANG_WARN_OBJC_ROOT_CLASS = YES_ERROR;
				CLANG_WARN_QUOTED_INCLUDE_IN_FRAMEWORK_HEADER = YES;
				CLANG_WARN_RANGE_LOOP_ANALYSIS = YES;
				CLANG_WARN_STRICT_PROTOTYPES = YES;
				CLANG_WARN_SUSPICIOUS_MOVE = YES;
				CLANG_WARN_UNGUARDED_AVAILABILITY = YES_AGGRESSIVE;
				CLANG_WARN_UNREACHABLE_CODE = YES;
				CLANG_WARN__DUPLICATE_METHOD_MATCH = YES;
				COPY_PHASE_STRIP = NO;
				DEBUG_INFORMATION_FORMAT = "dwarf-with-dsym";
				ENABLE_NS_ASSERTIONS = NO;
				ENABLE_STRICT_OBJC_MSGSEND = YES;
				ENABLE_USER_SCRIPT_SANDBOXING = YES;
				GCC_C_LANGUAGE_STANDARD = gnu17;
				GCC_NO_COMMON_BLOCKS = YES;
				GCC_WARN_64_TO_32_BIT_CONVERSION = YES;
				GCC_WARN_ABOUT_RETURN_TYPE = YES_ERROR;
				GCC_WARN_UNDECLARED_SELECTOR = YES;
				GCC_WARN_UNINITIALIZED_AUTOS = YES_AGGRESSIVE;
				GCC_WARN_UNUSED_FUNCTION = YES;
				GCC_WARN_UNUSED_VARIABLE = YES;
				IPHONEOS_DEPLOYMENT_TARGET = 17.2;
				LOCALIZATION_PREFERS_STRING_CATALOGS = YES;
				MTL_ENABLE_DEBUG_INFO = NO;
				MTL_FAST_MATH = YES;
				SDKROOT = iphoneos;
				SWIFT_COMPILATION_MODE = wholemodule;
				VALIDATE_PRODUCT = YES;
			};
			name = Release;
		};
		757807EE2BE648E8005F0FB1 /* Debug */ = {
			isa = XCBuildConfiguration;
			buildSettings = {
				ASSETCATALOG_COMPILER_APPICON_NAME = AppIcon;
				ASSETCATALOG_COMPILER_GLOBAL_ACCENT_COLOR_NAME = AccentColor;
				CODE_SIGN_STYLE = Automatic;
				CURRENT_PROJECT_VERSION = 1;
				DEVELOPMENT_TEAM = 4D2YVVCBXR;
				GENERATE_INFOPLIST_FILE = YES;
				INFOPLIST_FILE = PersonalQuiz/App/Info.plist;
				INFOPLIST_KEY_UIApplicationSupportsIndirectInputEvents = YES;
				INFOPLIST_KEY_UILaunchStoryboardName = LaunchScreen;
				INFOPLIST_KEY_UIMainStoryboardFile = Main;
				INFOPLIST_KEY_UISupportedInterfaceOrientations = "UIInterfaceOrientationLandscapeLeft UIInterfaceOrientationLandscapeRight UIInterfaceOrientationPortrait";
				INFOPLIST_KEY_UISupportedInterfaceOrientations_iPad = "UIInterfaceOrientationPortrait UIInterfaceOrientationPortraitUpsideDown";
				LD_RUNPATH_SEARCH_PATHS = (
					"$(inherited)",
					"@executable_path/Frameworks",
				);
				MARKETING_VERSION = 1.0;
				PRODUCT_BUNDLE_IDENTIFIER = Eugene.PersonalQuiz;
				PRODUCT_NAME = "$(TARGET_NAME)";
				SUPPORTED_PLATFORMS = "iphoneos iphonesimulator";
				SUPPORTS_MACCATALYST = NO;
				SUPPORTS_MAC_DESIGNED_FOR_IPHONE_IPAD = NO;
				SWIFT_EMIT_LOC_STRINGS = YES;
				SWIFT_VERSION = 5.0;
				TARGETED_DEVICE_FAMILY = 1;
			};
			name = Debug;
		};
		757807EF2BE648E8005F0FB1 /* Release */ = {
			isa = XCBuildConfiguration;
			buildSettings = {
				ASSETCATALOG_COMPILER_APPICON_NAME = AppIcon;
				ASSETCATALOG_COMPILER_GLOBAL_ACCENT_COLOR_NAME = AccentColor;
				CODE_SIGN_STYLE = Automatic;
				CURRENT_PROJECT_VERSION = 1;
				DEVELOPMENT_TEAM = 4D2YVVCBXR;
				GENERATE_INFOPLIST_FILE = YES;
				INFOPLIST_FILE = PersonalQuiz/App/Info.plist;
				INFOPLIST_KEY_UIApplicationSupportsIndirectInputEvents = YES;
				INFOPLIST_KEY_UILaunchStoryboardName = LaunchScreen;
				INFOPLIST_KEY_UIMainStoryboardFile = Main;
				INFOPLIST_KEY_UISupportedInterfaceOrientations = "UIInterfaceOrientationLandscapeLeft UIInterfaceOrientationLandscapeRight UIInterfaceOrientationPortrait";
				INFOPLIST_KEY_UISupportedInterfaceOrientations_iPad = "UIInterfaceOrientationPortrait UIInterfaceOrientationPortraitUpsideDown";
				LD_RUNPATH_SEARCH_PATHS = (
					"$(inherited)",
					"@executable_path/Frameworks",
				);
				MARKETING_VERSION = 1.0;
				PRODUCT_BUNDLE_IDENTIFIER = Eugene.PersonalQuiz;
				PRODUCT_NAME = "$(TARGET_NAME)";
				SUPPORTED_PLATFORMS = "iphoneos iphonesimulator";
				SUPPORTS_MACCATALYST = NO;
				SUPPORTS_MAC_DESIGNED_FOR_IPHONE_IPAD = NO;
				SWIFT_EMIT_LOC_STRINGS = YES;
				SWIFT_VERSION = 5.0;
				TARGETED_DEVICE_FAMILY = 1;
			};
			name = Release;
		};
/* End XCBuildConfiguration section */

/* Begin XCConfigurationList section */
		757807D42BE648E4005F0FB1 /* Build configuration list for PBXProject "PersonalQuiz" */ = {
			isa = XCConfigurationList;
			buildConfigurations = (
				757807EB2BE648E8005F0FB1 /* Debug */,
				757807EC2BE648E8005F0FB1 /* Release */,
			);
			defaultConfigurationIsVisible = 0;
			defaultConfigurationName = Release;
		};
		757807ED2BE648E8005F0FB1 /* Build configuration list for PBXNativeTarget "PersonalQuiz" */ = {
			isa = XCConfigurationList;
			buildConfigurations = (
				757807EE2BE648E8005F0FB1 /* Debug */,
				757807EF2BE648E8005F0FB1 /* Release */,
			);
			defaultConfigurationIsVisible = 0;
			defaultConfigurationName = Release;
		};
/* End XCConfigurationList section */
	};
	rootObject = 757807D12BE648E4005F0FB1 /* Project object */;
}
